
Microsoft Visual Studio Solution File, Format Version 12.00
# Visual Studio Version 17
VisualStudioVersion = 17.14.36127.28 d17.14
MinimumVisualStudioVersion = 10.0.40219.1
Project("{FAE04EC0-301F-11D3-BF4B-00C04F79EFBC}") = "Scoreboard.Services", "Scoreboard.Services\Scoreboard.Services.csproj", "{66F928B4-CCA4-40CA-AA48-EA16D7DBD28F}"
EndProject
Project("{FAE04EC0-301F-11D3-BF4B-00C04F79EFBC}") = "Scoreboard.Data", "Scoreboard.Data\Scoreboard.Data.csproj", "{147B10BC-ABC0-49A9-B530-F8FAA42C5307}"
EndProject
Project("{FAE04EC0-301F-11D3-BF4B-00C04F79EFBC}") = "Scoreboard.Tests", "Scoreboard.Tests\Scoreboard.Tests.csproj", "{5A2E751D-E364-41EF-89F3-D774B81E633A}"
EndProject
Project("{FAE04EC0-301F-11D3-BF4B-00C04F79EFBC}") = "Scoreboard.Cards", "Scoreboard.Cards\Scoreboard.Cards.csproj", "{FC8BD905-C97A-4412-9213-97D24E3FED7B}"
EndProject
Global
	GlobalSection(SolutionConfigurationPlatforms) = preSolution
		Debug|Any CPU = Debug|Any CPU
		Release|Any CPU = Release|Any CPU
	EndGlobalSection
	GlobalSection(ProjectConfigurationPlatforms) = postSolution
		{66F928B4-CCA4-40CA-AA48-EA16D7DBD28F}.Debug|Any CPU.ActiveCfg = Debug|Any CPU
		{66F928B4-CCA4-40CA-AA48-EA16D7DBD28F}.Debug|Any CPU.Build.0 = Debug|Any CPU
		{66F928B4-CCA4-40CA-AA48-EA16D7DBD28F}.Release|Any CPU.ActiveCfg = Release|Any CPU
		{66F928B4-CCA4-40CA-AA48-EA16D7DBD28F}.Release|Any CPU.Build.0 = Release|Any CPU
		{147B10BC-ABC0-49A9-B530-F8FAA42C5307}.Debug|Any CPU.ActiveCfg = Debug|Any CPU
		{147B10BC-ABC0-49A9-B530-F8FAA42C5307}.Debug|Any CPU.Build.0 = Debug|Any CPU
		{147B10BC-ABC0-49A9-B530-F8FAA42C5307}.Release|Any CPU.ActiveCfg = Release|Any CPU
		{147B10BC-ABC0-49A9-B530-F8FAA42C5307}.Release|Any CPU.Build.0 = Release|Any CPU
		{5A2E751D-E364-41EF-89F3-D774B81E633A}.Debug|Any CPU.ActiveCfg = Debug|Any CPU
		{5A2E751D-E364-41EF-89F3-D774B81E633A}.Debug|Any CPU.Build.0 = Debug|Any CPU
		{5A2E751D-E364-41EF-89F3-D774B81E633A}.Release|Any CPU.ActiveCfg = Release|Any CPU
		{5A2E751D-E364-41EF-89F3-D774B81E633A}.Release|Any CPU.Build.0 = Release|Any CPU
		{FC8BD905-C97A-4412-9213-97D24E3FED7B}.Debug|Any CPU.ActiveCfg = Debug|Any CPU
		{FC8BD905-C97A-4412-9213-97D24E3FED7B}.Debug|Any CPU.Build.0 = Debug|Any CPU
		{FC8BD905-C97A-4412-9213-97D24E3FED7B}.Release|Any CPU.ActiveCfg = Release|Any CPU
		{FC8BD905-C97A-4412-9213-97D24E3FED7B}.Release|Any CPU.Build.0 = Release|Any CPU
	EndGlobalSection
	GlobalSection(SolutionProperties) = preSolution
		HideSolutionNode = FALSE
	EndGlobalSection
EndGlobal
